capnproto.org/go/capnp/v3 v3.1.0-alpha.2 h1:93ISpqHf2/3WQlfrBP0tT8Dg/RQc3uq6DV36vN0ePWk=
capnproto.org/go/capnp/v3 v3.1.0-alpha.2/go.mod h1:2vT5D2dtG8sJGEoEKU17e+j7shdaYp1Myl8X03B3hmc=
github.com/BurntSushi/toml v1.6.0 h1:dRaEfpa2VI55EwlIW72hMRHdWouJeRF7TPYhI+AUQjk=
github.com/BurntSushi/toml v1.6.0/go.mod h1:ukJfTF/6rtPPRCnwkur4qwRxa8vTRFBF0uk2lLoLwho=
github.com/alecthomas/chroma/v2 v2.20.0 h1:sfIHpxPyR07/Oylvmcai3X/exDlE8+FA820NTz+9sGw=
github.com/alecthomas/chroma/v2 v2.20.0/go.mod h1:e7tViK0xh/Nf4BYHl00ycY6rV7b8iXBksI9E359yNmA=
github.com/alexaandru/go-sitter-forest/asm v1.9.1 h1:pfsxgLh/PV3sQvYoGYtPBOge2zB2mW2nQl5wzCHij+E=
github.com/alexaandru/go-sitter-forest/asm v1.9.1/go.mod h1:TMGi0OBTAPmJ86MhznPbForh5NsAyGMS1s7YWH14TXM=
github.com/alexaandru/go-sitter-forest/bash v1.9.6 h1:08bixRLEPEeo5dUMUa5AkGRso5RA9T/gYJ1iqxx4lvk=
github.com/alexaandru/go-sitter-forest/bash v1.9.6/go.mod h1:n7akT/YMJSe0m+kKMZRzi+lQlXDjKU0vvYrrvejJ0no=
github.com/alexaandru/go-sitter-forest/c v1.9.4 h1:E7Qb0zN/DSQhsIaJvfKHIhk6QLxu+4DNi8OgoMpvyMM=
github.com/alexaandru/go-sitter-forest/c v1.9.4/go.mod h1:ycxxUak8lW4au1HrvwY93ztpiJyCjm0lUb0OYhXcvmk=
github.com/alexaandru/go-sitter-forest/c_sharp v1.9.6 h1:qGVeM/rs6ITL+WVZh0DVn6sHtDwuZpQIQwgmnVUbb9o=
github.com/alexaandru/go-sitter-forest/c_sharp v1.9.6/go.mod h1:Z7u9b/RpBzNY7Q17Rs0ASuRkDjXUn9eGOv0Hwsn8maw=
github.com/alexaandru/go-sitter-forest/clojure v1.9.1 h1:92l8hciDLzr1QpCdpIkn4PQJAyDWAkoj7TsDPo1gASA=
github.com/alexaandru/go-sitter-forest/clojure v1.9.1/go.mod h1:fIQc6DUtA0D1SbZmKOrpmBuuMZhysWyajjU5K6jXlcA=
github.com/alexaandru/go-sitter-forest/cpp v1.9.5 h1:GudtwF4yPlT5NANI8+rU7xS3ilm03wVWghmuaorMzEw=
github.com/alexaandru/go-sitter-forest/cpp v1.9.5/go.mod h1:OVmJ399hre2mWHm+n0iOOZVcw9MHG2RuldxIvQKlbQ0=
github.com/alexaandru/go-sitter-forest/css v1.9.4 h1:MBdaNeWhmIBqrxetO0HBiyit9Sfxw4WBukUPqHGA/Ho=
github.com/alexaandru/go-sitter-forest/css v1.9.4/go.mod h1:5lnhmNpkGjiHgp6LfEyUtcS11G4MDwgvaV0naJeJEY8=
github.com/alexaandru/go-sitter-forest/cue v1.9.1 h1:Dtrh/66ckdmE+0yXdUpq5Xzc189x5flNjFi83izjWOg=
github.com/alexaandru/go-sitter-forest/cue v1.9.1/go.mod h1:LAAU8XksDpU4K34PJ5nq2hJkvvfqFRA8vvF933Ud08M=
github.com/alexaandru/go-sitter-forest/dart v1.9.4 h1:WvN+ShV7DuSDjYNSgI4N2mH4ucivqJCu+q8E1zycdts=
github.com/alexaandru/go-sitter-forest/dart v1.9.4/go.mod h1:7HT0VRdDilKAPTmOPdjgM9Gx/U0z8mgw5p0/dh1rnE4=
github.com/alexaandru/go-sitter-forest/dockerfile v1.9.1 h1:J874Qr7NNIjYe0lk1Ia6XcNskv6hgzd0JKBhik6E94c=
github.com/alexaandru/go-sitter-forest/dockerfile v1.9.1/go.mod h1:LSPviwKzlksGPTMe2C5Kaz+hHIYX9x/frFYJWJTjSQg=
github.com/alexaandru/go-sitter-forest/elixir v1.9.5 h1:VMJ20lWgzn1vtILWOfyVXyiT9cxoovykcSrK/skX7aM=
github.com/alexaandru/go-sitter-forest/elixir v1.9.5/go.mod h1:yJjH5M1RZ3UcsrZ2CPLluSdVcCT3xA7sD/RxVej1YvE=
github.com/alexaandru/go-sitter-forest/elm v1.9.1 h1:2JNTMY4VwoudSqhGDVGSjnZgwPGMmzrHYTvD4W1FA48=
github.com/alexaandru/go-sitter-forest/elm v1.9.1/go.mod h1:nqEGl7ZrlC6McSs5p6N/1IPEKhetnIoZtiYgvs4DRN4=
github.com/alexaandru/go-sitter-forest/erlang v1.9.7 h1:NwCErr9f/X9OW1HXYQzi/83fGKyPmz+ow9NXneUr94A=
github.com/alexaandru/go-sitter-forest/erlang v1.9.7/go.mod h1:w44gyZikbQBpzX7/RJqNxsLzMrLqn4Tvh9r649ml9xI=
github.com/alexaandru/go-sitter-forest/gdscript v1.9.6 h1:9TOQ7lvbv/Y/R40gQisUfIN455PR+zLWuy1evsTo7q0=
github.com/alexaandru/go-sitter-forest/gdscript v1.9.6/go.mod h1:bePnpjBZbV3SRQOIZDuMAtDOuv7jj4zAOBQoQNddjmw=
github.com/alexaandru/go-sitter-forest/gleam v1.9.9 h1:6104gWAx0Obl9tvbzzcDq3ntyj7slB2FjoiD9AzwHHI=
github.com/alexaandru/go-sitter-forest/gleam v1.9.9/go.mod h1:JPvlemzwt8XlnKRoQ9X8H3JvVjzYfxf7LfuzXv4Y8Pw=
github.com/alexaandru/go-sitter-forest/go v1.9.4 h1:Xpq8HijvTp2+AHL4UplLLiCOdIAA20u0JyM8NGBIBWs=
github.com/alexaandru/go-sitter-forest/go v1.9.4/go.mod h1:jCpJr1AOFPGq1DrAJevuurB04NJVk8jw3hYW3Mxc7G8=
github.com/alexaandru/go-sitter-forest/graphql v1.9.0 h1:zOJL0rx2TueJPCVqHd8lOAGi+/BglDpL/GlxlO+vV7k=
github.com/alexaandru/go-sitter-forest/graphql v1.9.0/go.mod h1:yPu0xV9ZWSNudRLoZQfXI3yLV6UFSjXUSDLtdISyIdQ=
github.com/alexaandru/go-sitter-forest/groovy v1.9.4 h1:6QJP/QrtivUtwo73ZJQTjCruzYW+cVww0ryEsXBuENM=
github.com/alexaandru/go-sitter-forest/groovy v1.9.4/go.mod h1:6iFTwag6Wd4QJLJzZnvos8cowjZ9SwgIh3H/HWiLL6E=
github.com/alexaandru/go-sitter-forest/haskell v1.9.2 h1:biKJLWPzjOl+JjaWVAMmw/wV+k8MQswMG/msCxZcUIs=
github.com/alexaandru/go-sitter-forest/haskell v1.9.2/go.mod h1:bDVOESO7xhG0l8Fni1GAcBjQSQl2m/IluoJPddMvd6U=
github.com/alexaandru/go-sitter-forest/hcl v1.9.3 h1:itfD3a+p/0YAGtJ47TqNdTPaCZxHFdcK0TZm0thq+tM=
github.com/alexaandru/go-sitter-forest/hcl v1.9.3/go.mod h1:EnB50IZP4KBR0V/Z0q9WUn/DmpIagAepBSoaLQfz6T8=
github.com/alexaandru/go-sitter-forest/html v1.9.1 h1:uOQAEra9XOb0QnubcZ6BjwSw6cKc2yb/EBYUPtI7bbs=
github.com/alexaandru/go-sitter-forest/html v1.9.1/go.mod h1:UKvmNmUNtFrMtJMhnt1nroQ/JnC3LsCqykZ0xWjticQ=
github.com/alexaandru/go-sitter-forest/java v1.9.5 h1:ibPa56LZBAwQ9McU2CVEAwkaB3ManNfaGUDFcSOq6qs=
github.com/alexaandru/go-sitter-forest/java v1.9.5/go.mod h1:aWD8ZAZ6IbhsCnF7Jog1GWtx3ow//PiWkkAvVfnB8/I=
github.com/alexaandru/go-sitter-forest/javascript v1.9.2 h1:b8ZWUk/1bXLmGXN/tL26PQf0EQ6vSM7J6pnNjN8by2Q=
github.com/alexaandru/go-sitter-forest/javascript v1.9.2/go.mod h1:cWOFBHR7EffqM4sdVQ70WtTnFKPZxt5sAm1zS1tWaL8=
github.com/alexaandru/go-sitter-forest/json v1.9.1 h1:MVV+keFXs6jHuu7rM1O1AzTUIA/W253J4aI8j61S8aI=
github.com/alexaandru/go-sitter-forest/json v1.9.1/go.mod h1:w47YGXJx8OuLuU5qE2NpyFsTF1dlJgILXD1A01OeXno=
github.com/alexaandru/go-sitter-forest/julia v1.9.10 h1:DNFappV9V2gLjeX5Snl3zhsEJgVKrO2N5jl0sV0sb64=
github.com/alexaandru/go-sitter-forest/julia v1.9.10/go.mod h1:VMWcpM3Ka8qVhQVQzK0h54qgsNWRJPxiO0A0D7J3STg=
github.com/alexaandru/go-sitter-forest/kotlin v1.9.4 h1:H2cRqquwV3rbNsUGUvyRZKWwC4TMLEDjXs0jzbIZASE=
github.com/alexaandru/go-sitter-forest/kotlin v1.9.4/go.mod h1:QCAC6OJsnUIRMx1akoZNzKRe+slaQq4sGSLAVwMFTuQ=
github.com/alexaandru/go-sitter-forest/lua v1.9.3 h1:A3Tas9sLRVc1kgD4Q477xhW+BfZzm2bnX4xO4bTSUNY=
github.com/alexaandru/go-sitter-forest/lua v1.9.3/go.mod h1:7MFGPolXojnCrVMHI9TIpB1OCLY8n18Cb4XyKr+hmfE=
github.com/alexaandru/go-sitter-forest/make v1.9.1 h1:RthLvGEwRi7bufPhFqlg1azcVu0hd1OWRWdcAI56LtE=
github.com/alexaandru/go-sitter-forest/make v1.9.1/go.mod h1:2zuovDw+jvgWnWU/WMRDxtjHOo4ttuNJX+tIq3egxoM=
github.com/alexaandru/go-sitter-forest/markdown v1.9.5 h1:59eqvaWljYcTZcbSFhx6RcYy9scZxHBuq0+vHhgcXpY=
github.com/alexaandru/go-sitter-forest/markdown v1.9.5/go.mod h1:qoQhsERwq18jIqWiSgiP6LuCvFK4VqA5lBkCFKaZL44=
github.com/alexaandru/go-sitter-forest/markdown_inline v1.9.3 h1:iBIQaM7jus0lINLJwOIHTQGt9JYR0/TWx3T60LUWIeg=
github.com/alexaandru/go-sitter-forest/markdown_inline v1.9.3/go.mod h1:H6lsu3iiG9FRghlpQo2uaMbttw4/3PTPeUKvaZnVbdY=
github.com/alexaandru/go-sitter-forest/nim v1.9.1 h1:fYw3LVUSwNZ5dca19S46RyajOZFvOhw6VEqYV1UdHc4=
github.com/alexaandru/go-sitter-forest/nim v1.9.1/go.mod h1:wwXTqjMCju7uMJFVHVtWbOI58BGX1fn2+sNi1plho28=
github.com/alexaandru/go-sitter-forest/nix v1.9.4 h1:1eUmXiGM01OpfVDMxSu5aN50q3zCb0ArycoSDcx1BXg=
github.com/alexaandru/go-sitter-forest/nix v1.9.4/go.mod h1:nbtvKRD56GICG+j92DNSOEXwIp8gD4dh/3kXz3kd+5o=
github.com/alexaandru/go-sitter-forest/ocaml v1.9.6 h1:mN7v3irDwWO/KrFw6RCX9WBKCZzeCQvRNRc8fyu12wM=
github.com/alexaandru/go-sitter-forest/ocaml v1.9.6/go.mod h1:xPI6i1J71VDFB1mIll4Imge2G45UjDnkGiOzWc+xvX4=
github.com/alexaandru/go-sitter-forest/php v1.9.5 h1:t8FV0CrjobKKk941AJ5EZrLOeY6am25x/NR6iZx8emk=
github.com/alexaandru/go-sitter-forest/php v1.9.5/go.mod h1:LY33+NVll5+uKJ9YQiAFy/QcX02EHWlDlL/PPqAAjzg=
github.com/alexaandru/go-sitter-forest/php_only v1.9.6 h1:hBkaZaAuVrHE30Uy/PKPFTbwYZAfprbkcwuGkKlgbhw=
github.com/alexaandru/go-sitter-forest/php_only v1.9.6/go.mod h1:TdevMeB5MMydFYoC1uVZ+UdXK341aUxUQIUOLmtQ1WE=
github.com/alexaandru/go-sitter-forest/proto v1.9.1 h1:pm+LHbSnXDEaqtnE71Z8ceeloZiMiFSVuUgRX/xt6ds=
github.com/alexaandru/go-sitter-forest/proto v1.9.1/go.mod h1:C6tl7dyP8u94B8iKSdUcFip+Wk0ZoifcPl9zfwKLNXk=
github.com/alexaandru/go-sitter-forest/python v1.9.10 h1:qKbso5wI4vlkQ0EjZBO5hRrxwqf0tmGLVdbzasZCcrg=
github.com/alexaandru/go-sitter-forest/python v1.9.10/go.mod h1:CXs3nuPcj4p3FqY8BnvJqsJ0vbsrda6Oj3sQDyRumNY=
github.com/alexaandru/go-sitter-forest/r v1.9.6 h1:rjcDudNKSrGAdUmLR6JxgGXb/4Q2flPXLQSgTpQbdL0=
github.com/alexaandru/go-sitter-forest/r v1.9.6/go.mod h1:W8wHEOhkTUoUCiHa7raV2kg1IsW7M4NKNOzvZwbAaBQ=
github.com/alexaandru/go-sitter-forest/ruby v1.9.3 h1:3GdkatWtd0jXvhnxdqJCdM+9JwAQeTwtWStiDAjAgr0=
github.com/alexaandru/go-sitter-forest/ruby v1.9.3/go.mod h1:h+TaY3e2ayXHy1jgwLZ+Jnho97roJzmaefSZjFvUM9k=
github.com/alexaandru/go-sitter-forest/rust v1.9.13 h1:orVZVXQ+IkXkIvzeyO6YvHBwujEvbYFvpMRNAGulHmw=
github.com/alexaandru/go-sitter-forest/rust v1.9.13/go.mod h1:ZKZRL1Yfy6siuWMvv2h/F9lt/8kMKn6VHnGj00PPNmM=
github.com/alexaandru/go-sitter-forest/scala v1.9.8 h1:w3HtQ4aij4PnRTBsIHITHtym8WiPGBGNL5KIJ6qIofw=
github.com/alexaandru/go-sitter-forest/scala v1.9.8/go.mod h1:+CuFWqcheV8rHtOWWDADtP7az6uSZKQ6zE0DLhg+LeY=
github.com/alexaandru/go-sitter-forest/sql v1.9.13 h1:uRH9eo+EztMohyVX5E+t06q/EoLsMWBVX/Qr2Nb823w=
github.com/alexaandru/go-sitter-forest/sql v1.9.13/go.mod h1:9RRdyTJk7bEGQsBhhqm/ElCh/DyqLgcglMXf/NOMbpM=
github.com/alexaandru/go-sitter-forest/svelte v1.9.2 h1:ixFAFy5oaPU3QU5XeR9tomoRfqxhk5XisTeBS8/0sOI=
github.com/alexaandru/go-sitter-forest/svelte v1.9.2/go.mod h1:Mfat0bA+ML4NR4cTz7eTz6ziL4KPSQSo2dX80U7GXpM=
github.com/alexaandru/go-sitter-forest/swift v1.9.5 h1:CCfvj4BRjvN7HtznqDbgU7ylHHO9ML34ezsJFbErjV0=
github.com/alexaandru/go-sitter-forest/swift v1.9.5/go.mod h1:EzSPcZpETNyJIoAyPdbQgFUxWM+vcO3y5eYh8kmNvNc=
github.com/alexaandru/go-sitter-forest/toml v1.9.2 h1:L+v4HZwovnP1w0qQZYrzl7gK6lKAWaaqfRkN3cdg7rw=
github.com/alexaandru/go-sitter-forest/toml v1.9.2/go.mod h1:aSXzrMFEjrdby4bvRiUq6OmaD6FeEtLX+b5Y4C/vK+I=
github.com/alexaandru/go-sitter-forest/tsx v1.9.2 h1:R6CIvxcs6zGF/nwI7YbHzRM1HuRjL1g7nKYfDMR7ANE=
github.com/alexaandru/go-sitter-forest/tsx v1.9.2/go.mod h1:JIGhuMRPOeeUQbqrNiDh3YZV9iMtWTHUmTgSH8WMTIk=
github.com/alexaandru/go-sitter-forest/typescript v1.9.4 h1:k+zE1JbmcDjgqPxO0fVnCnsCFj0yWmRaLpp2sbC4MoA=
github.com/alexaandru/go-sitter-forest/typescript v1.9.4/go.mod h1:fzlkFeml5odd1gUkYOgiNXK4bF2M6hBcfTitiJPlso8=
github.com/alexaandru/go-sitter-forest/yaml v1.9.6 h1:QwFVl8fvUDlYlrYP6TbBJo23Ej3cNhCR7NXSjgFPDA8=
github.com/alexaandru/go-sitter-forest/yaml v1.9.6/go.mod h1:ylpn3Lek1cElYsYq8ONRK6TJ78ntXYGIcLSjKAHqZ5Y=
github.com/alexaandru/go-sitter-forest/zig v1.9.4 h1:RVN/w06TraO2NoALsidInjhLMWwGhlXhWqScqyupPTM=
github.com/alexaandru/go-sitter-forest/zig v1.9.4/go.mod h1:TPYg0UtYJygZqe7x2LTAXT6ZDtK/nKq7cK3CJ6FxeU0=
github.com/alexaandru/go-tree-sitter-bare v1.11.0 h1:hRg0R09Kukx2il7ZEec570L/zG4SlM9VwEYR7kkh2nY=
github.com/alexaandru/go-tree-sitter-bare v1.11.0/go.mod h1:D0p+tpA7QXGADKpNHG9qTc1EXTg/tS/DO4cQdd0cSUg=
github.com/aymanbagabas/go-osc52/v2 v2.0.1 h1:HwpRHbFMcZLEVr42D4p7XBqjyuxQH5SMiErDT4WkJ2k=
github.com/aymanbagabas/go-osc52/v2 v2.0.1/go.mod h1:uYgXzlJ7ZpABp8OJ+exZzJJhRNQ2ASbcXHWsFqH8hp8=
github.com/aymerick/douceur v0.2.0 h1:Mv+mAeH1Q+n9Fr+oyamOlAkUNPWPlA8PPGR0QAaYuPk=
github.com/aymerick/douceur v0.2.0/go.mod h1:wlT5vV2O3h55X9m7iVYN0TBM0NH/MmbLnd30/FjWUq4=
github.com/charmbracelet/bubbletea v1.3.10 h1:otUDHWMMzQSB0Pkc87rm691KZ3SWa4KUlvF9nRvCICw=
github.com/charmbracelet/bubbletea v1.3.10/go.mod h1:ORQfo0fk8U+po9VaNvnV95UPWA1BitP1E0N6xJPlHr4=
github.com/charmbracelet/colorprofile v0.4.1 h1:a1lO03qTrSIRaK8c3JRxJDZOvhvIeSco3ej+ngLk1kk=
github.com/charmbracelet/colorprofile v0.4.1/go.mod h1:U1d9Dljmdf9DLegaJ0nGZNJvoXAhayhmidOdcBwAvKk=
github.com/charmbracelet/glamour v1.0.0 h1:AWMLOVFHTsysl4WV8T8QgkQ0s/ZNZo7CiE4WKhk8l08=
github.com/charmbracelet/glamour v1.0.0/go.mod h1:DSdohgOBkMr2ZQNhw4LZxSGpx3SvpeujNoXrQyH2hxo=
github.com/charmbracelet/lipgloss v1.1.0 h1:vYXsiLHVkK7fp74RkV7b2kq9+zDLoEU4MZoFqR/noCY=
github.com/charmbracelet/lipgloss v1.1.0/go.mod h1:/6Q8FR2o+kj8rz4Dq0zQc3vYf7X+B0binUUBwA0aL30=
github.com/charmbracelet/lipgloss v1.1.1-0.20250404203927-76690c660834 h1:ZR7e0ro+SZZiIZD7msJyA+NjkCNNavuiPBLgerbOziE=
github.com/charmbracelet/lipgloss v1.1.1-0.20250404203927-76690c660834/go.mod h1:aKC/t2arECF6rNOnaKaVU6y4t4ZeHQzqfxedE/VkVhA=
github.com/charmbracelet/x/ansi v0.11.6 h1:GhV21SiDz/45W9AnV2R61xZMRri5NlLnl6CVF7ihZW8=
github.com/charmbracelet/x/ansi v0.11.6/go.mod h1:2JNYLgQUsyqaiLovhU2Rv/pb8r6ydXKS3NIttu3VGZQ=
github.com/charmbracelet/x/cellbuf v0.0.15 h1:ur3pZy0o6z/R7EylET877CBxaiE1Sp1GMxoFPAIztPI=
github.com/charmbracelet/x/cellbuf v0.0.15/go.mod h1:J1YVbR7MUuEGIFPCaaZ96KDl5NoS0DAWkskup+mOY+Q=
github.com/charmbracelet/x/exp/slice v0.0.0-20250327172914-2fdc97757edf h1:rLG0Yb6MQSDKdB52aGX55JT1oi0P0Kuaj7wi1bLUpnI=
github.com/charmbracelet/x/exp/slice v0.0.0-20250327172914-2fdc97757edf/go.mod h1:B3UgsnsBZS/eX42BlaNiJkD1pPOUa+oF1IYC6Yd2CEU=
github.com/charmbracelet/x/term v0.2.2 h1:xVRT/S2ZcKdhhOuSP4t5cLi5o+JxklsoEObBSgfgZRk=
github.com/charmbracelet/x/term v0.2.2/go.mod h1:kF8CY5RddLWrsgVwpw4kAa6TESp6EB5y3uxGLeCqzAI=
github.com/clipperhouse/displaywidth v0.9.0 h1:Qb4KOhYwRiN3viMv1v/3cTBlz3AcAZX3+y9OLhMtAtA=
github.com/clipperhouse/displaywidth v0.9.0/go.mod h1:aCAAqTlh4GIVkhQnJpbL0T/WfcrJXHcj8C0yjYcjOZA=
github.com/clipperhouse/stringish v0.1.1 h1:+NSqMOr3GR6k1FdRhhnXrLfztGzuG+VuFDfatpWHKCs=
github.com/clipperhouse/stringish v0.1.1/go.mod h1:v/WhFtE1q0ovMta2+m+UbpZ+2/HEXNWYXQgCt4hdOzA=
github.com/clipperhouse/uax29/v2 v2.5.0 h1:x7T0T4eTHDONxFJsL94uKNKPHrclyFI0lm7+w94cO8U=
github.com/clipperhouse/uax29/v2 v2.5.0/go.mod h1:Wn1g7MK6OoeDT0vL+Q0SQLDz/KpfsVRgg6W7ihQeh4g=
github.com/colega/zeropool v0.0.0-20230505084239-6fb4a4f75381 h1:d5EKgQfRQvO97jnISfR89AiCCCJMwMFoSxUiU0OGCRU=
github.com/colega/zeropool v0.0.0-20230505084239-6fb4a4f75381/go.mod h1:OU76gHeRo8xrzGJU3F3I1CqX1ekM8dfJw0+wPeMwnp0=
github.com/davecgh/go-spew v1.1.1 h1:vj9j/u1bqnvCEfJOwUhtlOARqs3+rkHYY13jYWTU97c=
github.com/davecgh/go-spew v1.1.1/go.mod h1:J7Y8YcW2NihsgmVo/mv3lAwl/skON4iLHjSsI+c5H38=
github.com/dlclark/regexp2 v1.11.5 h1:Q/sSnsKerHeCkc/jSTNq1oCm7KiVgUMZRDUoRu0JQZQ=
github.com/dlclark/regexp2 v1.11.5/go.mod h1:DHkYz0B9wPfa6wondMfaivmHpzrQ3v9q8cnmRbL6yW8=
github.com/erikgeiser/coninput v0.0.0-20211004153227-1c3628e74d0f h1:Y/CXytFA4m6baUTXGLOoWe4PQhGxaX0KpnayAqC48p4=
github.com/erikgeiser/coninput v0.0.0-20211004153227-1c3628e74d0f/go.mod h1:vw97MGsxSvLiUE2X8qFplwetxpGLQrlU1Q9AUEIzCaM=
github.com/gorilla/css v1.0.1 h1:ntNaBIghp6JmvWnxbZKANoLyuXTPZ4cAMlo6RyhlbO8=
github.com/gorilla/css v1.0.1/go.mod h1:BvnYkspnSzMmwRK+b8/xgNPLiIuNZr6vbZBTPQ2A3b0=
github.com/lucasb-eyer/go-colorful v1.3.0 h1:2/yBRLdWBZKrf7gB40FoiKfAWYQ0lqNcbuQwVHXptag=
github.com/lucasb-eyer/go-colorful v1.3.0/go.mod h1:R4dSotOR9KMtayYi1e77YzuveK+i7ruzyGqttikkLy0=
github.com/mattn/go-isatty v0.0.20 h1:xfD0iDuEKnDkl03q4limB+vH+GxLEtL/jb4xVJSWWEY=
github.com/mattn/go-isatty v0.0.20/go.mod h1:W+V8PltTTMOvKvAeJH7IuucS94S2C6jfK/D7dTCTo3Y=
github.com/mattn/go-localereader v0.0.1 h1:ygSAOl7ZXTx4RdPYinUpg6W99U8jWvWi9Ye2JC/oIi4=
github.com/mattn/go-localereader v0.0.1/go.mod h1:8fBrzywKY7BI3czFoHkuzRoWE9C+EiG4R1k4Cjx5p88=
github.com/mattn/go-runewidth v0.0.12/go.mod h1:RAqKPSqVFrSLVXbA8x7dzmKdmGzieGRCM46jaSJTDAk=
github.com/mattn/go-runewidth v0.0.19 h1:v++JhqYnZuu5jSKrk9RbgF5v4CGUjqRfBm05byFGLdw=
github.com/mattn/go-runewidth v0.0.19/go.mod h1:XBkDxAl56ILZc9knddidhrOlY5R/pDhgLpndooCuJAs=
github.com/microcosm-cc/bluemonday v1.0.27 h1:MpEUotklkwCSLeH+Qdx1VJgNqLlpY2KXwXFM08ygZfk=
github.com/microcosm-cc/bluemonday v1.0.27/go.mod h1:jFi9vgW+H7c3V0lb6nR74Ib/DIB5OBs92Dimizgw2cA=
github.com/muesli/ansi v0.0.0-20230316100256-276c6243b2f6 h1:ZK8zHtRHOkbHy6Mmr5D264iyp3TiX5OmNcI5cIARiQI=
github.com/muesli/ansi v0.0.0-20230316100256-276c6243b2f6/go.mod h1:CJlz5H+gyd6CUWT45Oy4q24RdLyn7Md9Vj2/ldJBSIo=
github.com/muesli/cancelreader v0.2.2 h1:3I4Kt4BQjOR54NavqnDogx/MIoWBFa0StPA8ELUXHmA=
github.com/muesli/cancelreader v0.2.2/go.mod h1:3XuTXfFS2VjM+HTLZY9Ak0l6eUKfijIfMUZ4EgX0QYo=
github.com/muesli/reflow v0.3.0 h1:IFsN6K9NfGtjeggFP+68I4chLZV2yIKsXJFNZ+eWh6s=
github.com/muesli/reflow v0.3.0/go.mod h1:pbwTDkVPibjO2kyvBQRBxTWEEGDGq0FlB1BIKtnHY/8=
github.com/muesli/termenv v0.16.0 h1:S5AlUN9dENB57rsbnkPyfdGuWIlkmzJjbFf0Tf5FWUc=
github.com/muesli/termenv v0.16.0/go.mod h1:ZRfOIKPFDYQoDFF4Olj7/QJbW60Ol/kL1pU3VfY/Cnk=
github.com/philhofer/fwd v1.1.2 h1:bnDivRJ1EWPjUIRXV5KfORO897HTbpFAQddBdE8t7Gw=
github.com/philhofer/fwd v1.1.2/go.mod h1:qkPdfjR2SIEbspLqpe1tO4n5yICnr2DY7mqEx2tUTP0=
github.com/pmezard/go-difflib v1.0.0 h1:4DBwDE0NGyQoBHbLQYPwSUPoCMWR5BEzIk/f1lZbAQM=
github.com/pmezard/go-difflib v1.0.0/go.mod h1:iKH77koFhYxTK1pcRnkKkqfTogsbg7gZNVY4sRDYZ/4=
github.com/rivo/uniseg v0.1.0/go.mod h1:J6wj4VEh+S6ZtnVlnTBMWIodfgj8LQOQFoIToxlJtxc=
github.com/rivo/uniseg v0.2.0/go.mod h1:J6wj4VEh+S6ZtnVlnTBMWIodfgj8LQOQFoIToxlJtxc=
github.com/rivo/uniseg v0.4.7 h1:WUdvkW8uEhrYfLC4ZzdpI2ztxP1I582+49Oc5Mq64VQ=
github.com/rivo/uniseg v0.4.7/go.mod h1:FN3SvrM+Zdj16jyLfmOkMNblXMcoc8DfTHruCPUcx88=
github.com/sahilm/fuzzy v0.1.3 h1:juByESSS32nVD81vr6tHmKmA/8zde7gE+x5CLxrzXPU=
github.com/sahilm/fuzzy v0.1.3/go.mod h1:au6//VbVSqu6DFrkL2CfjlJ5iURpNCPeE+1GwY3XsT8=
github.com/stretchr/testify v1.9.0 h1:HtqpIVDClZ4nwg75+f6Lvsy/wHu+3BoSGCbBAcpTsTg=
github.com/stretchr/testify v1.9.0/go.mod h1:r2ic/lqez/lEtzL7wO/rwa5dbSLXVDPFyf8C91i36aY=
github.com/tinylib/msgp v1.1.9 h1:SHf3yoO2sGA0veCJeCBYLHuttAVFHGm2RHgNodW7wQU=
github.com/tinylib/msgp v1.1.9/go.mod h1:BCXGB54lDD8qUEPmiG0cQQUANC4IUQyB2ItS2UDlO/k=
github.com/tj/assert v0.0.3 h1:Df/BlaZ20mq6kuai7f5z2TvPFiwC3xaWJSDQNiIS3Rk=
github.com/tj/assert v0.0.3/go.mod h1:Ne6X72Q+TB1AteidzQncjw9PabbMp4PBMZ1k+vd1Pvk=
github.com/xo/terminfo v0.0.0-20220910002029-abceb7e1c41e h1:JVG44RsyaB9T2KIHavMF/ppJZNG9ZpyihvCd0w101no=
github.com/xo/terminfo v0.0.0-20220910002029-abceb7e1c41e/go.mod h1:RbqR21r5mrJuqunuUZ/Dhy/avygyECGrLceyNeo4LiM=
github.com/yuin/goldmark v1.7.13 h1:GPddIs617DnBLFFVJFgpo1aBfe/4xcvMc3SB5t/D0pA=
github.com/yuin/goldmark v1.7.13/go.mod h1:ip/1k0VRfGynBgxOz0yCqHrbZXhcjxyuS66Brc7iBKg=
github.com/yuin/goldmark-emoji v1.0.6 h1:QWfF2FYaXwL74tfGOW5izeiZepUDroDJfWubQI9HTHs=
github.com/yuin/goldmark-emoji v1.0.6/go.mod h1:ukxJDKFpdFb5x0a5HqbdlcKtebh086iJpI31LTKmWuA=
golang.org/x/exp v0.0.0-20250210185358-939b2ce775ac h1:l5+whBCLH3iH2ZNHYLbAe58bo7yrN4mVcnkHDYz5vvs=
golang.org/x/exp v0.0.0-20250210185358-939b2ce775ac/go.mod h1:hH+7mtFmImwwcMvScyxUhjuVHR3HGaDPMn9rMSUUbxo=
golang.org/x/net v0.38.0 h1:vRMAPTMaeGqVhG5QyLJHqNDwecKTomGeqbnfZyKlBI8=
golang.org/x/net v0.38.0/go.mod h1:ivrbrMbzFq5J41QOQh0siUuly180yBYtLp+CKbEaFx8=
golang.org/x/sync v0.11.0 h1:GGz8+XQP4FvTTrjZPzNKTMFtSXH80RAzG+5ghFPgK9w=
golang.org/x/sync v0.11.0/go.mod h1:Czt+wKu1gCyEFDUtn0jG5QVvpJ6rzVqr5aXyt9drQfk=
golang.org/x/sync v0.17.0 h1:l60nONMj9l5drqw6jlhIELNv9I0A4OFgRsG9k2oT9Ug=
golang.org/x/sync v0.17.0/go.mod h1:9KTHXmSnoGruLpwFjVSX0lNNA75CykiMECbovNTZqGI=
golang.org/x/sys v0.0.0-20210809222454-d867a43fc93e/go.mod h1:oPkhp1MJrh7nUepCBck5+mAzfO9JrbApNNgaTdGDITg=
golang.org/x/sys v0.6.0/go.mod h1:oPkhp1MJrh7nUepCBck5+mAzfO9JrbApNNgaTdGDITg=
golang.org/x/sys v0.38.0 h1:3yZWxaJjBmCWXqhN1qh02AkOnCQ1poK6oF+a7xWL6Gc=
golang.org/x/sys v0.38.0/go.mod h1:OgkHotnGiDImocRcuBABYBEXf8A9a87e/uXjp9XT3ks=
golang.org/x/term v0.36.0 h1:zMPR+aF8gfksFprF/Nc/rd1wRS1EI6nDBGyWAvDzx2Q=
golang.org/x/term v0.36.0/go.mod h1:Qu394IJq6V6dCBRgwqshf3mPF85AqzYEzofzRdZkWss=
golang.org/x/text v0.3.8 h1:nAL+RVCQ9uMn3vJZbV+MRnydTJFPf8qqY42YiA6MrqY=
golang.org/x/text v0.3.8/go.mod h1:E6s5w1FMmriuDzIBO73fBruAKo1PCIq6d2Q6DHfQ8WQ=
golang.org/x/text v0.30.0 h1:yznKA/E9zq54KzlzBEAWn1NXSQ8DIp/NYMy88xJjl4k=
golang.org/x/text v0.30.0/go.mod h1:yDdHFIX9t+tORqspjENWgzaCVXgk0yYnYuSZ8UzzBVM=
gopkg.in/yaml.v3 v3.0.1 h1:fxVm/GzAzEWqLHuvctI91KS9hhNmmWOoWu0XTYJS7CA=
gopkg.in/yaml.v3 v3.0.1/go.mod h1:K4uyk7z7BCEPqu6E+C64Yfv1cQ7kz7rIZviUmN+EgEM=
